// !$*UTF8*$!
{
	archiveVersion = 1;
	classes = {
	};
	objectVersion = 51;
	objects = {

/* Begin PBXBuildFile section */
		196A4E0D8E0B778CB409F2D2 /* Pods_Articles_MVVM.framework in Frameworks */ = {isa = PBXBuildFile; fileRef = 3216CAB23DA27FA3E08816AB /* Pods_Articles_MVVM.framework */; };
		F145D46D24BB1BEC00A56267 /* AppDelegate.swift in Sources */ = {isa = PBXBuildFile; fileRef = F145D46C24BB1BEC00A56267 /* AppDelegate.swift */; };
		F145D47424BB1BEC00A56267 /* Main.storyboard in Resources */ = {isa = PBXBuildFile; fileRef = F145D47224BB1BEC00A56267 /* Main.storyboard */; };
		F145D47924BB1BF400A56267 /* Assets.xcassets in Resources */ = {isa = PBXBuildFile; fileRef = F145D47824BB1BF400A56267 /* Assets.xcassets */; };
		F145D47C24BB1BF400A56267 /* LaunchScreen.storyboard in Resources */ = {isa = PBXBuildFile; fileRef = F145D47A24BB1BF400A56267 /* LaunchScreen.storyboard */; };
		F145D48A24BB1CF000A56267 /* UserArticles.xcdatamodeld in Resources */ = {isa = PBXBuildFile; fileRef = F145D47524BB1BEC00A56267 /* UserArticles.xcdatamodeld */; };
		F145D49424BB1DFE00A56267 /* ArticleListVC.swift in Sources */ = {isa = PBXBuildFile; fileRef = F145D49324BB1DFE00A56267 /* ArticleListVC.swift */; };
		F145D49A24BB1F7A00A56267 /* ArticlesDataUser.swift in Sources */ = {isa = PBXBuildFile; fileRef = F145D49724BB1F7A00A56267 /* ArticlesDataUser.swift */; };
		F145D49B24BB1F7A00A56267 /* ArticlesDataMedia.swift in Sources */ = {isa = PBXBuildFile; fileRef = F145D49824BB1F7A00A56267 /* ArticlesDataMedia.swift */; };
		F145D49C24BB1F7A00A56267 /* ArticlesDataModel.swift in Sources */ = {isa = PBXBuildFile; fileRef = F145D49924BB1F7A00A56267 /* ArticlesDataModel.swift */; };
		F145D49F24BB1FD900A56267 /* ArticleTblCell.swift in Sources */ = {isa = PBXBuildFile; fileRef = F145D49D24BB1FD900A56267 /* ArticleTblCell.swift */; };
		F145D4A024BB1FD900A56267 /* ArticleTblCell.xib in Resources */ = {isa = PBXBuildFile; fileRef = F145D49E24BB1FD900A56267 /* ArticleTblCell.xib */; };
		F1BFF31224BB2150008CA4E4 /* Constants.swift in Sources */ = {isa = PBXBuildFile; fileRef = F1BFF31124BB2150008CA4E4 /* Constants.swift */; };
		F1BFF31524BB2A15008CA4E4 /* ArticleListService.swift in Sources */ = {isa = PBXBuildFile; fileRef = F1BFF31424BB2A15008CA4E4 /* ArticleListService.swift */; };
		F1BFF31724BB2A75008CA4E4 /* ConnectionCheck.swift in Sources */ = {isa = PBXBuildFile; fileRef = F1BFF31624BB2A75008CA4E4 /* ConnectionCheck.swift */; };
		F1BFF31924BB2A8C008CA4E4 /* CustomLoader.swift in Sources */ = {isa = PBXBuildFile; fileRef = F1BFF31824BB2A8C008CA4E4 /* CustomLoader.swift */; };
		F1BFF31B24BB2AAA008CA4E4 /* AppColor.swift in Sources */ = {isa = PBXBuildFile; fileRef = F1BFF31A24BB2AAA008CA4E4 /* AppColor.swift */; };
		F1BFF31D24BB2ACA008CA4E4 /* UIColour+HexColour.swift in Sources */ = {isa = PBXBuildFile; fileRef = F1BFF31C24BB2ACA008CA4E4 /* UIColour+HexColour.swift */; };
		F1BFF31F24BB31FE008CA4E4 /* ArticlesViewModel.swift in Sources */ = {isa = PBXBuildFile; fileRef = F1BFF31E24BB31FE008CA4E4 /* ArticlesViewModel.swift */; };
		F1BFF32224BB36A3008CA4E4 /* UserArticle+CoreDataClass.swift in Sources */ = {isa = PBXBuildFile; fileRef = F1BFF32024BB36A3008CA4E4 /* UserArticle+CoreDataClass.swift */; };
		F1BFF32324BB36A3008CA4E4 /* UserArticle+CoreDataProperties.swift in Sources */ = {isa = PBXBuildFile; fileRef = F1BFF32124BB36A3008CA4E4 /* UserArticle+CoreDataProperties.swift */; };
		F1BFF32524BB36DD008CA4E4 /* CoreDataContext.swift in Sources */ = {isa = PBXBuildFile; fileRef = F1BFF32424BB36DC008CA4E4 /* CoreDataContext.swift */; };
		F1BFF32A24BB4DA5008CA4E4 /* FileManger+DirectoryPath.swift in Sources */ = {isa = PBXBuildFile; fileRef = F1BFF32724BB4B3C008CA4E4 /* FileManger+DirectoryPath.swift */; };
		F1BFF32B24BB4DA9008CA4E4 /* UIImageView+SDImage.swift in Sources */ = {isa = PBXBuildFile; fileRef = F1BFF32624BB4B3B008CA4E4 /* UIImageView+SDImage.swift */; };
/* End PBXBuildFile section */

/* Begin PBXFileReference section */
		3216CAB23DA27FA3E08816AB /* Pods_Articles_MVVM.framework */ = {isa = PBXFileReference; explicitFileType = wrapper.framework; includeInIndex = 0; path = Pods_Articles_MVVM.framework; sourceTree = BUILT_PRODUCTS_DIR; };
		8E6E6B8869057E302203E33E /* Pods-Articles_MVVM.debug.xcconfig */ = {isa = PBXFileReference; includeInIndex = 1; lastKnownFileType = text.xcconfig; name = "Pods-Articles_MVVM.debug.xcconfig"; path = "Target Support Files/Pods-Articles_MVVM/Pods-Articles_MVVM.debug.xcconfig"; sourceTree = "<group>"; };
		C2D228C0B3B6D7D7A8F53494 /* Pods-Articles_MVVM.release.xcconfig */ = {isa = PBXFileReference; includeInIndex = 1; lastKnownFileType = text.xcconfig; name = "Pods-Articles_MVVM.release.xcconfig"; path = "Target Support Files/Pods-Articles_MVVM/Pods-Articles_MVVM.release.xcconfig"; sourceTree = "<group>"; };
		F145D46924BB1BEC00A56267 /* Articles.app */ = {isa = PBXFileReference; explicitFileType = wrapper.application; includeInIndex = 0; path = Articles.app; sourceTree = BUILT_PRODUCTS_DIR; };
		F145D46C24BB1BEC00A56267 /* AppDelegate.swift */ = {isa = PBXFileReference; lastKnownFileType = sourcecode.swift; path = AppDelegate.swift; sourceTree = "<group>"; };
		F145D47324BB1BEC00A56267 /* Base */ = {isa = PBXFileReference; lastKnownFileType = file.storyboard; name = Base; path = Base.lproj/Main.storyboard; sourceTree = "<group>"; };
		F145D47624BB1BEC00A56267 /* Articles_MVVM.xcdatamodel */ = {isa = PBXFileReference; lastKnownFileType = wrapper.xcdatamodel; path = Articles_MVVM.xcdatamodel; sourceTree = "<group>"; };
		F145D47824BB1BF400A56267 /* Assets.xcassets */ = {isa = PBXFileReference; lastKnownFileType = folder.assetcatalog; path = Assets.xcassets; sourceTree = "<group>"; };
		F145D47B24BB1BF400A56267 /* Base */ = {isa = PBXFileReference; lastKnownFileType = file.storyboard; name = Base; path = Base.lproj/LaunchScreen.storyboard; sourceTree = "<group>"; };
		F145D47D24BB1BF400A56267 /* Info.plist */ = {isa = PBXFileReference; lastKnownFileType = text.plist.xml; path = Info.plist; sourceTree = "<group>"; };
		F145D49324BB1DFE00A56267 /* ArticleListVC.swift */ = {isa = PBXFileReference; lastKnownFileType = sourcecode.swift; path = ArticleListVC.swift; sourceTree = "<group>"; };
		F145D49724BB1F7A00A56267 /* ArticlesDataUser.swift */ = {isa = PBXFileReference; fileEncoding = 4; lastKnownFileType = sourcecode.swift; path = ArticlesDataUser.swift; sourceTree = "<group>"; };
		F145D49824BB1F7A00A56267 /* ArticlesDataMedia.swift */ = {isa = PBXFileReference; fileEncoding = 4; lastKnownFileType = sourcecode.swift; path = ArticlesDataMedia.swift; sourceTree = "<group>"; };
		F145D49924BB1F7A00A56267 /* ArticlesDataModel.swift */ = {isa = PBXFileReference; fileEncoding = 4; lastKnownFileType = sourcecode.swift; path = ArticlesDataModel.swift; sourceTree = "<group>"; };
		F145D49D24BB1FD900A56267 /* ArticleTblCell.swift */ = {isa = PBXFileReference; lastKnownFileType = sourcecode.swift; path = ArticleTblCell.swift; sourceTree = "<group>"; };
		F145D49E24BB1FD900A56267 /* ArticleTblCell.xib */ = {isa = PBXFileReference; lastKnownFileType = file.xib; path = ArticleTblCell.xib; sourceTree = "<group>"; };
		F1BFF31124BB2150008CA4E4 /* Constants.swift */ = {isa = PBXFileReference; lastKnownFileType = sourcecode.swift; path = Constants.swift; sourceTree = "<group>"; };
		F1BFF31424BB2A15008CA4E4 /* ArticleListService.swift */ = {isa = PBXFileReference; lastKnownFileType = sourcecode.swift; path = ArticleListService.swift; sourceTree = "<group>"; };
		F1BFF31624BB2A75008CA4E4 /* ConnectionCheck.swift */ = {isa = PBXFileReference; fileEncoding = 4; lastKnownFileType = sourcecode.swift; path = ConnectionCheck.swift; sourceTree = "<group>"; };
		F1BFF31824BB2A8C008CA4E4 /* CustomLoader.swift */ = {isa = PBXFileReference; fileEncoding = 4; lastKnownFileType = sourcecode.swift; path = CustomLoader.swift; sourceTree = "<group>"; };
		F1BFF31A24BB2AAA008CA4E4 /* AppColor.swift */ = {isa = PBXFileReference; fileEncoding = 4; lastKnownFileType = sourcecode.swift; path = AppColor.swift; sourceTree = "<group>"; };
		F1BFF31C24BB2ACA008CA4E4 /* UIColour+HexColour.swift */ = {isa = PBXFileReference; fileEncoding = 4; lastKnownFileType = sourcecode.swift; path = "UIColour+HexColour.swift"; sourceTree = "<group>"; };
		F1BFF31E24BB31FE008CA4E4 /* ArticlesViewModel.swift */ = {isa = PBXFileReference; lastKnownFileType = sourcecode.swift; path = ArticlesViewModel.swift; sourceTree = "<group>"; };
		F1BFF32024BB36A3008CA4E4 /* UserArticle+CoreDataClass.swift */ = {isa = PBXFileReference; lastKnownFileType = sourcecode.swift; path = "UserArticle+CoreDataClass.swift"; sourceTree = "<group>"; };
		F1BFF32124BB36A3008CA4E4 /* UserArticle+CoreDataProperties.swift */ = {isa = PBXFileReference; lastKnownFileType = sourcecode.swift; path = "UserArticle+CoreDataProperties.swift"; sourceTree = "<group>"; };
		F1BFF32424BB36DC008CA4E4 /* CoreDataContext.swift */ = {isa = PBXFileReference; fileEncoding = 4; lastKnownFileType = sourcecode.swift; path = CoreDataContext.swift; sourceTree = "<group>"; };
		F1BFF32624BB4B3B008CA4E4 /* UIImageView+SDImage.swift */ = {isa = PBXFileReference; fileEncoding = 4; lastKnownFileType = sourcecode.swift; path = "UIImageView+SDImage.swift"; sourceTree = "<group>"; };
		F1BFF32724BB4B3C008CA4E4 /* FileManger+DirectoryPath.swift */ = {isa = PBXFileReference; fileEncoding = 4; lastKnownFileType = sourcecode.swift; path = "FileManger+DirectoryPath.swift"; sourceTree = "<group>"; };
/* End PBXFileReference section */

/* Begin PBXFrameworksBuildPhase section */
		F145D46624BB1BEC00A56267 /* Frameworks */ = {
			isa = PBXFrameworksBuildPhase;
			buildActionMask = 2147483647;
			files = (
				196A4E0D8E0B778CB409F2D2 /* Pods_Articles_MVVM.framework in Frameworks */,
			);
			runOnlyForDeploymentPostprocessing = 0;
		};
/* End PBXFrameworksBuildPhase section */

/* Begin PBXGroup section */
		8D653E7658ADF59441136EAA /* Pods */ = {
			isa = PBXGroup;
			children = (
				8E6E6B8869057E302203E33E /* Pods-Articles_MVVM.debug.xcconfig */,
				C2D228C0B3B6D7D7A8F53494 /* Pods-Articles_MVVM.release.xcconfig */,
			);
			path = Pods;
			sourceTree = "<group>";
		};
		912303CC51673263A593C546 /* Frameworks */ = {
			isa = PBXGroup;
			children = (
				3216CAB23DA27FA3E08816AB /* Pods_Articles_MVVM.framework */,
			);
			name = Frameworks;
			sourceTree = "<group>";
		};
		F145D46024BB1BEC00A56267 = {
			isa = PBXGroup;
			children = (
				F145D46B24BB1BEC00A56267 /* Articles_MVVM */,
				F145D46A24BB1BEC00A56267 /* Products */,
				8D653E7658ADF59441136EAA /* Pods */,
				912303CC51673263A593C546 /* Frameworks */,
			);
			sourceTree = "<group>";
		};
		F145D46A24BB1BEC00A56267 /* Products */ = {
			isa = PBXGroup;
			children = (
				F145D46924BB1BEC00A56267 /* Articles.app */,
			);
			name = Products;
			sourceTree = "<group>";
		};
		F145D46B24BB1BEC00A56267 /* Articles_MVVM */ = {
			isa = PBXGroup;
			children = (
				F145D48924BB1CAD00A56267 /* AppDelegate */,
				F145D48B24BB1D1300A56267 /* StoryBoards */,
				F145D48324BB1C6000A56267 /* CoreData */,
				F145D48824BB1C9000A56267 /* Gloabl Extensions */,
				F145D48624BB1C8300A56267 /* Utilities */,
				F1BFF31324BB29E9008CA4E4 /* Services */,
				F145D48424BB1C6E00A56267 /* View Controllers */,
				F145D48724BB1C8900A56267 /* Resources */,
				F145D47D24BB1BF400A56267 /* Info.plist */,
			);
			path = Articles_MVVM;
			sourceTree = "<group>";
		};
		F145D48324BB1C6000A56267 /* CoreData */ = {
			isa = PBXGroup;
			children = (
				F1BFF32424BB36DC008CA4E4 /* CoreDataContext.swift */,
				F145D47524BB1BEC00A56267 /* UserArticles.xcdatamodeld */,
				F1BFF32024BB36A3008CA4E4 /* UserArticle+CoreDataClass.swift */,
				F1BFF32124BB36A3008CA4E4 /* UserArticle+CoreDataProperties.swift */,
			);
			path = CoreData;
			sourceTree = "<group>";
		};
		F145D48424BB1C6E00A56267 /* View Controllers */ = {
			isa = PBXGroup;
			children = (
				F145D48C24BB1D4B00A56267 /* Article List */,
			);
			path = "View Controllers";
			sourceTree = "<group>";
		};
		F145D48624BB1C8300A56267 /* Utilities */ = {
			isa = PBXGroup;
			children = (
				F1BFF31124BB2150008CA4E4 /* Constants.swift */,
				F1BFF31624BB2A75008CA4E4 /* ConnectionCheck.swift */,
				F1BFF31824BB2A8C008CA4E4 /* CustomLoader.swift */,
				F1BFF31A24BB2AAA008CA4E4 /* AppColor.swift */,
			);
			path = Utilities;
			sourceTree = "<group>";
		};
		F145D48724BB1C8900A56267 /* Resources */ = {
			isa = PBXGroup;
			children = (
				F145D47824BB1BF400A56267 /* Assets.xcassets */,
			);
			path = Resources;
			sourceTree = "<group>";
		};
		F145D48824BB1C9000A56267 /* Gloabl Extensions */ = {
			isa = PBXGroup;
			children = (
				F1BFF31C24BB2ACA008CA4E4 /* UIColour+HexColour.swift */,
				F1BFF32724BB4B3C008CA4E4 /* FileManger+DirectoryPath.swift */,
				F1BFF32624BB4B3B008CA4E4 /* UIImageView+SDImage.swift */,
			);
			path = "Gloabl Extensions";
			sourceTree = "<group>";
		};
		F145D48924BB1CAD00A56267 /* AppDelegate */ = {
			isa = PBXGroup;
			children = (
				F145D46C24BB1BEC00A56267 /* AppDelegate.swift */,
			);
			path = AppDelegate;
			sourceTree = "<group>";
		};
		F145D48B24BB1D1300A56267 /* StoryBoards */ = {
			isa = PBXGroup;
			children = (
				F145D47224BB1BEC00A56267 /* Main.storyboard */,
				F145D47A24BB1BF400A56267 /* LaunchScreen.storyboard */,
			);
			path = StoryBoards;
			sourceTree = "<group>";
		};
		F145D48C24BB1D4B00A56267 /* Article List */ = {
			isa = PBXGroup;
			children = (
				F145D48D24BB1D5400A56267 /* Model */,
				F145D48F24BB1D6300A56267 /* View */,
				F145D48E24BB1D5C00A56267 /* ViewModel */,
				F145D49024BB1D6800A56267 /* Controller */,
			);
			path = "Article List";
			sourceTree = "<group>";
		};
		F145D48D24BB1D5400A56267 /* Model */ = {
			isa = PBXGroup;
			children = (
				F145D49824BB1F7A00A56267 /* ArticlesDataMedia.swift */,
				F145D49924BB1F7A00A56267 /* ArticlesDataModel.swift */,
				F145D49724BB1F7A00A56267 /* ArticlesDataUser.swift */,
			);
			path = Model;
			sourceTree = "<group>";
		};
		F145D48E24BB1D5C00A56267 /* ViewModel */ = {
			isa = PBXGroup;
			children = (
				F1BFF31E24BB31FE008CA4E4 /* ArticlesViewModel.swift */,
			);
			path = ViewModel;
			sourceTree = "<group>";
		};
		F145D48F24BB1D6300A56267 /* View */ = {
			isa = PBXGroup;
			children = (
				F145D49D24BB1FD900A56267 /* ArticleTblCell.swift */,
				F145D49E24BB1FD900A56267 /* ArticleTblCell.xib */,
			);
			path = View;
			sourceTree = "<group>";
		};
		F145D49024BB1D6800A56267 /* Controller */ = {
			isa = PBXGroup;
			children = (
				F145D49324BB1DFE00A56267 /* ArticleListVC.swift */,
			);
			path = Controller;
			sourceTree = "<group>";
		};
		F1BFF31324BB29E9008CA4E4 /* Services */ = {
			isa = PBXGroup;
			children = (
				F1BFF31424BB2A15008CA4E4 /* ArticleListService.swift */,
			);
			path = Services;
			sourceTree = "<group>";
		};
/* End PBXGroup section */

/* Begin PBXNativeTarget section */
		F145D46824BB1BEC00A56267 /* Articles_MVVM */ = {
			isa = PBXNativeTarget;
			buildConfigurationList = F145D48024BB1BF400A56267 /* Build configuration list for PBXNativeTarget "Articles_MVVM" */;
			buildPhases = (
				772107492503289CF61F0A38 /* [CP] Check Pods Manifest.lock */,
				F145D46524BB1BEC00A56267 /* Sources */,
				F145D46624BB1BEC00A56267 /* Frameworks */,
				F145D46724BB1BEC00A56267 /* Resources */,
				896BE927441F1884E264EC1A /* [CP] Embed Pods Frameworks */,
			);
			buildRules = (
			);
			dependencies = (
			);
			name = Articles_MVVM;
			productName = Articles_MVVM;
			productReference = F145D46924BB1BEC00A56267 /* Articles.app */;
			productType = "com.apple.product-type.application";
		};
/* End PBXNativeTarget section */

/* Begin PBXProject section */
		F145D46124BB1BEC00A56267 /* Project object */ = {
			isa = PBXProject;
			attributes = {
				LastSwiftUpdateCheck = 1130;
				LastUpgradeCheck = 1130;
				ORGANIZATIONNAME = "Prince Sojitra";
				TargetAttributes = {
					F145D46824BB1BEC00A56267 = {
						CreatedOnToolsVersion = 11.3.1;
					};
				};
			};
			buildConfigurationList = F145D46424BB1BEC00A56267 /* Build configuration list for PBXProject "Articles_MVVM" */;
			compatibilityVersion = "Xcode 9.3";
			developmentRegion = en;
			hasScannedForEncodings = 0;
			knownRegions = (
				en,
				Base,
			);
			mainGroup = F145D46024BB1BEC00A56267;
			productRefGroup = F145D46A24BB1BEC00A56267 /* Products */;
			projectDirPath = "";
			projectRoot = "";
			targets = (
				F145D46824BB1BEC00A56267 /* Articles_MVVM */,
			);
		};
/* End PBXProject section */

/* Begin PBXResourcesBuildPhase section */
		F145D46724BB1BEC00A56267 /* Resources */ = {
			isa = PBXResourcesBuildPhase;
			buildActionMask = 2147483647;
			files = (
				F145D48A24BB1CF000A56267 /* UserArticles.xcdatamodeld in Resources */,
				F145D47C24BB1BF400A56267 /* LaunchScreen.storyboard in Resources */,
				F145D47924BB1BF400A56267 /* Assets.xcassets in Resources */,
				F145D4A024BB1FD900A56267 /* ArticleTblCell.xib in Resources */,
				F145D47424BB1BEC00A56267 /* Main.storyboard in Resources */,
			);
			runOnlyForDeploymentPostprocessing = 0;
		};
/* End PBXResourcesBuildPhase section */

/* Begin PBXShellScriptBuildPhase section */
		772107492503289CF61F0A38 /* [CP] Check Pods Manifest.lock */ = {
			isa = PBXShellScriptBuildPhase;
			buildActionMask = 2147483647;
			files = (
			);
			inputFileListPaths = (
			);
			inputPaths = (
				"${PODS_PODFILE_DIR_PATH}/Podfile.lock",
				"${PODS_ROOT}/Manifest.lock",
			);
			name = "[CP] Check Pods Manifest.lock";
			outputFileListPaths = (
			);
			outputPaths = (
				"$(DERIVED_FILE_DIR)/Pods-Articles_MVVM-checkManifestLockResult.txt",
			);
			runOnlyForDeploymentPostprocessing = 0;
			shellPath = /bin/sh;
			shellScript = "diff \"${PODS_PODFILE_DIR_PATH}/Podfile.lock\" \"${PODS_ROOT}/Manifest.lock\" > /dev/null\nif [ $? != 0 ] ; then\n    # print error to STDERR\n    echo \"error: The sandbox is not in sync with the Podfile.lock. Run 'pod install' or update your CocoaPods installation.\" >&2\n    exit 1\nfi\n# This output is used by Xcode 'outputs' to avoid re-running this script phase.\necho \"SUCCESS\" > \"${SCRIPT_OUTPUT_FILE_0}\"\n";
			showEnvVarsInLog = 0;
		};
		896BE927441F1884E264EC1A /* [CP] Embed Pods Frameworks */ = {
			isa = PBXShellScriptBuildPhase;
			buildActionMask = 2147483647;
			files = (
			);
			inputFileListPaths = (
				"${PODS_ROOT}/Target Support Files/Pods-Articles_MVVM/Pods-Articles_MVVM-frameworks-${CONFIGURATION}-input-files.xcfilelist",
			);
			name = "[CP] Embed Pods Frameworks";
			outputFileListPaths = (
				"${PODS_ROOT}/Target Support Files/Pods-Articles_MVVM/Pods-Articles_MVVM-frameworks-${CONFIGURATION}-output-files.xcfilelist",
			);
			runOnlyForDeploymentPostprocessing = 0;
			shellPath = /bin/sh;
			shellScript = "\"${PODS_ROOT}/Target Support Files/Pods-Articles_MVVM/Pods-Articles_MVVM-frameworks.sh\"\n";
			showEnvVarsInLog = 0;
		};
/* End PBXShellScriptBuildPhase section */

/* Begin PBXSourcesBuildPhase section */
		F145D46524BB1BEC00A56267 /* Sources */ = {
			isa = PBXSourcesBuildPhase;
			buildActionMask = 2147483647;
			files = (
				F145D46D24BB1BEC00A56267 /* AppDelegate.swift in Sources */,
				F1BFF31924BB2A8C008CA4E4 /* CustomLoader.swift in Sources */,
				F145D49F24BB1FD900A56267 /* ArticleTblCell.swift in Sources */,
				F145D49424BB1DFE00A56267 /* ArticleListVC.swift in Sources */,
				F145D49A24BB1F7A00A56267 /* ArticlesDataUser.swift in Sources */,
				F1BFF31D24BB2ACA008CA4E4 /* UIColour+HexColour.swift in Sources */,
				F1BFF31524BB2A15008CA4E4 /* ArticleListService.swift in Sources */,
				F1BFF32224BB36A3008CA4E4 /* UserArticle+CoreDataClass.swift in Sources */,
				F1BFF32524BB36DD008CA4E4 /* CoreDataContext.swift in Sources */,
				F1BFF31224BB2150008CA4E4 /* Constants.swift in Sources */,
				F1BFF31724BB2A75008CA4E4 /* ConnectionCheck.swift in Sources */,
				F145D49C24BB1F7A00A56267 /* ArticlesDataModel.swift in Sources */,
				F1BFF32A24BB4DA5008CA4E4 /* FileManger+DirectoryPath.swift in Sources */,
				F1BFF31F24BB31FE008CA4E4 /* ArticlesViewModel.swift in Sources */,
				F1BFF32324BB36A3008CA4E4 /* UserArticle+CoreDataProperties.swift in Sources */,
				F1BFF32B24BB4DA9008CA4E4 /* UIImageView+SDImage.swift in Sources */,
				F1BFF31B24BB2AAA008CA4E4 /* AppColor.swift in Sources */,
				F145D49B24BB1F7A00A56267 /* ArticlesDataMedia.swift in Sources */,
			);
			runOnlyForDeploymentPostprocessing = 0;
		};
/* End PBXSourcesBuildPhase section */

/* Begin PBXVariantGroup section */
		F145D47224BB1BEC00A56267 /* Main.storyboard */ = {
			isa = PBXVariantGroup;
			children = (
				F145D47324BB1BEC00A56267 /* Base */,
			);
			name = Main.storyboard;
			sourceTree = "<group>";
		};
		F145D47A24BB1BF400A56267 /* LaunchScreen.storyboard */ = {
			isa = PBXVariantGroup;
			children = (
				F145D47B24BB1BF400A56267 /* Base */,
			);
			name = LaunchScreen.storyboard;
			sourceTree = "<group>";
		};
/* End PBXVariantGroup section */

/* Begin XCBuildConfiguration section */
		F145D47E24BB1BF400A56267 /* Debug */ = {
			isa = XCBuildConfiguration;
			buildSettings = {
				ALWAYS_SEARCH_USER_PATHS = NO;
				CLANG_ANALYZER_NONNULL = YES;
				CLANG_ANALYZER_NUMBER_OBJECT_CONVERSION = YES_AGGRESSIVE;
				CLANG_CXX_LANGUAGE_STANDARD = "gnu++14";
				CLANG_CXX_LIBRARY = "libc++";
				CLANG_ENABLE_MODULES = YES;
				CLANG_ENABLE_OBJC_ARC = YES;
				CLANG_ENABLE_OBJC_WEAK = YES;
				CLANG_WARN_BLOCK_CAPTURE_AUTORELEASING = YES;
				CLANG_WARN_BOOL_CONVERSION = YES;
				CLANG_WARN_COMMA = YES;
				CLANG_WARN_CONSTANT_CONVERSION = YES;
				CLANG_WARN_DEPRECATED_OBJC_IMPLEMENTATIONS = YES;
				CLANG_WARN_DIRECT_OBJC_ISA_USAGE = YES_ERROR;
				CLANG_WARN_DOCUMENTATION_COMMENTS = YES;
				CLANG_WARN_EMPTY_BODY = YES;
				CLANG_WARN_ENUM_CONVERSION = YES;
				CLANG_WARN_INFINITE_RECURSION = YES;
				CLANG_WARN_INT_CONVERSION = YES;
				CLANG_WARN_NON_LITERAL_NULL_CONVERSION = YES;
				CLANG_WARN_OBJC_IMPLICIT_RETAIN_SELF = YES;
				CLANG_WARN_OBJC_LITERAL_CONVERSION = YES;
				CLANG_WARN_OBJC_ROOT_CLASS = YES_ERROR;
				CLANG_WARN_RANGE_LOOP_ANALYSIS = YES;
				CLANG_WARN_STRICT_PROTOTYPES = YES;
				CLANG_WARN_SUSPICIOUS_MOVE = YES;
				CLANG_WARN_UNGUARDED_AVAILABILITY = YES_AGGRESSIVE;
				CLANG_WARN_UNREACHABLE_CODE = YES;
				CLANG_WARN__DUPLICATE_METHOD_MATCH = YES;
				COPY_PHASE_STRIP = NO;
				DEBUG_INFORMATION_FORMAT = dwarf;
				ENABLE_STRICT_OBJC_MSGSEND = YES;
				ENABLE_TESTABILITY = YES;
				GCC_C_LANGUAGE_STANDARD = gnu11;
				GCC_DYNAMIC_NO_PIC = NO;
				GCC_NO_COMMON_BLOCKS = YES;
				GCC_OPTIMIZATION_LEVEL = 0;
				GCC_PREPROCESSOR_DEFINITIONS = (
					"DEBUG=1",
					"$(inherited)",
				);
				GCC_WARN_64_TO_32_BIT_CONVERSION = YES;
				GCC_WARN_ABOUT_RETURN_TYPE = YES_ERROR;
				GCC_WARN_UNDECLARED_SELECTOR = YES;
				GCC_WARN_UNINITIALIZED_AUTOS = YES_AGGRESSIVE;
				GCC_WARN_UNUSED_FUNCTION = YES;
				GCC_WARN_UNUSED_VARIABLE = YES;
				IPHONEOS_DEPLOYMENT_TARGET = 13.2;
				MTL_ENABLE_DEBUG_INFO = INCLUDE_SOURCE;
				MTL_FAST_MATH = YES;
				ONLY_ACTIVE_ARCH = YES;
				SDKROOT = iphoneos;
				SWIFT_ACTIVE_COMPILATION_CONDITIONS = DEBUG;
				SWIFT_OPTIMIZATION_LEVEL = "-Onone";
			};
			name = Debug;
		};
		F145D47F24BB1BF400A56267 /* Release */ = {
			isa = XCBuildConfiguration;
			buildSettings = {
				ALWAYS_SEARCH_USER_PATHS = NO;
				CLANG_ANALYZER_NONNULL = YES;
				CLANG_ANALYZER_NUMBER_OBJECT_CONVERSION = YES_AGGRESSIVE;
				CLANG_CXX_LANGUAGE_STANDARD = "gnu++14";
				CLANG_CXX_LIBRARY = "libc++";
				CLANG_ENABLE_MODULES = YES;
				CLANG_ENABLE_OBJC_ARC = YES;
				CLANG_ENABLE_OBJC_WEAK = YES;
				CLANG_WARN_BLOCK_CAPTURE_AUTORELEASING = YES;
				CLANG_WARN_BOOL_CONVERSION = YES;
				CLANG_WARN_COMMA = YES;
				CLANG_WARN_CONSTANT_CONVERSION = YES;
				CLANG_WARN_DEPRECATED_OBJC_IMPLEMENTATIONS = YES;
				CLANG_WARN_DIRECT_OBJC_ISA_USAGE = YES_ERROR;
				CLANG_WARN_DOCUMENTATION_COMMENTS = YES;
				CLANG_WARN_EMPTY_BODY = YES;
				CLANG_WARN_ENUM_CONVERSION = YES;
				CLANG_WARN_INFINITE_RECURSION = YES;
				CLANG_WARN_INT_CONVERSION = YES;
				CLANG_WARN_NON_LITERAL_NULL_CONVERSION = YES;
				CLANG_WARN_OBJC_IMPLICIT_RETAIN_SELF = YES;
				CLANG_WARN_OBJC_LITERAL_CONVERSION = YES;
				CLANG_WARN_OBJC_ROOT_CLASS = YES_ERROR;
				CLANG_WARN_RANGE_LOOP_ANALYSIS = YES;
				CLANG_WARN_STRICT_PROTOTYPES = YES;
				CLANG_WARN_SUSPICIOUS_MOVE = YES;
				CLANG_WARN_UNGUARDED_AVAILABILITY = YES_AGGRESSIVE;
				CLANG_WARN_UNREACHABLE_CODE = YES;
				CLANG_WARN__DUPLICATE_METHOD_MATCH = YES;
				COPY_PHASE_STRIP = NO;
				DEBUG_INFORMATION_FORMAT = "dwarf-with-dsym";
				ENABLE_NS_ASSERTIONS = NO;
				ENABLE_STRICT_OBJC_MSGSEND = YES;
				GCC_C_LANGUAGE_STANDARD = gnu11;
				GCC_NO_COMMON_BLOCKS = YES;
				GCC_WARN_64_TO_32_BIT_CONVERSION = YES;
				GCC_WARN_ABOUT_RETURN_TYPE = YES_ERROR;
				GCC_WARN_UNDECLARED_SELECTOR = YES;
				GCC_WARN_UNINITIALIZED_AUTOS = YES_AGGRESSIVE;
				GCC_WARN_UNUSED_FUNCTION = YES;
				GCC_WARN_UNUSED_VARIABLE = YES;
				IPHONEOS_DEPLOYMENT_TARGET = 13.2;
				MTL_ENABLE_DEBUG_INFO = NO;
				MTL_FAST_MATH = YES;
				SDKROOT = iphoneos;
				SWIFT_COMPILATION_MODE = wholemodule;
				SWIFT_OPTIMIZATION_LEVEL = "-O";
				VALIDATE_PRODUCT = YES;
			};
			name = Release;
		};
		F145D48124BB1BF400A56267 /* Debug */ = {
			isa = XCBuildConfiguration;
			baseConfigurationReference = 8E6E6B8869057E302203E33E /* Pods-Articles_MVVM.debug.xcconfig */;
			buildSettings = {
				ASSETCATALOG_COMPILER_APPICON_NAME = AppIcon;
				CODE_SIGN_IDENTITY = "iPhone Developer";
				CODE_SIGN_STYLE = Manual;
				CURRENT_PROJECT_VERSION = 1.0.0;
				DEVELOPMENT_TEAM = 62ZMSB35NH;
				INFOPLIST_FILE = Articles_MVVM/Info.plist;
				IPHONEOS_DEPLOYMENT_TARGET = 10.0;
				LD_RUNPATH_SEARCH_PATHS = (
					"$(inherited)",
					"@executable_path/Frameworks",
				);
				PRODUCT_BUNDLE_IDENTIFIER = com.articles.app;
				PRODUCT_NAME = Articles;
				PROVISIONING_PROFILE_SPECIFIER = Drc_Developer;
				SWIFT_VERSION = 5.0;
				TARGETED_DEVICE_FAMILY = 1;
			};
			name = Debug;
		};
		F145D48224BB1BF400A56267 /* Release */ = {
			isa = XCBuildConfiguration;
			baseConfigurationReference = C2D228C0B3B6D7D7A8F53494 /* Pods-Articles_MVVM.release.xcconfig */;
			buildSettings = {
				ASSETCATALOG_COMPILER_APPICON_NAME = AppIcon;
				CODE_SIGN_IDENTITY = "iPhone Developer";
				CODE_SIGN_STYLE = Manual;
				CURRENT_PROJECT_VERSION = 1.0.0;
				DEVELOPMENT_TEAM = 62ZMSB35NH;
				INFOPLIST_FILE = Articles_MVVM/Info.plist;
				IPHONEOS_DEPLOYMENT_TARGET = 10.0;
				LD_RUNPATH_SEARCH_PATHS = (
					"$(inherited)",
					"@executable_path/Frameworks",
				);
				PRODUCT_BUNDLE_IDENTIFIER = com.articles.app;
				PRODUCT_NAME = Articles;
				PROVISIONING_PROFILE_SPECIFIER = Drc_Developer;
				SWIFT_VERSION = 5.0;
				TARGETED_DEVICE_FAMILY = 1;
			};
			name = Release;
		};
/* End XCBuildConfiguration section */

/* Begin XCConfigurationList section */
		F145D46424BB1BEC00A56267 /* Build configuration list for PBXProject "Articles_MVVM" */ = {
			isa = XCConfigurationList;
			buildConfigurations = (
				F145D47E24BB1BF400A56267 /* Debug */,
				F145D47F24BB1BF400A56267 /* Release */,
			);
			defaultConfigurationIsVisible = 0;
			defaultConfigurationName = Release;
		};
		F145D48024BB1BF400A56267 /* Build configuration list for PBXNativeTarget "Articles_MVVM" */ = {
			isa = XCConfigurationList;
			buildConfigurations = (
				F145D48124BB1BF400A56267 /* Debug */,
				F145D48224BB1BF400A56267 /* Release */,
			);
			defaultConfigurationIsVisible = 0;
			defaultConfigurationName = Release;
		};
/* End XCConfigurationList section */

/* Begin XCVersionGroup section */
		F145D47524BB1BEC00A56267 /* UserArticles.xcdatamodeld */ = {
			isa = XCVersionGroup;
			children = (
				F145D47624BB1BEC00A56267 /* Articles_MVVM.xcdatamodel */,
			);
			currentVersion = F145D47624BB1BEC00A56267 /* Articles_MVVM.xcdatamodel */;
			path = UserArticles.xcdatamodeld;
			sourceTree = "<group>";
			versionGroupType = wrapper.xcdatamodel;
		};
/* End XCVersionGroup section */
	};
	rootObject = F145D46124BB1BEC00A56267 /* Project object */;
}
